
Microsoft Visual Studio Solution File, Format Version 12.00
# Visual Studio Version 17
VisualStudioVersion = 17.1.32407.343
MinimumVisualStudioVersion = 10.0.40219.1
Project("{FAE04EC0-301F-11D3-BF4B-00C04F79EFBC}") = "Delegates_Func_Action_Lambda_HW", "Delegates_Func_Action_Lambda_HW\Delegates_Func_Action_Lambda_HW.csproj", "{15F414C0-5BF1-4168-913C-B96A1E1B9B64}"
EndProject
Global
	GlobalSection(SolutionConfigurationPlatforms) = preSolution
		Debug|Any CPU = Debug|Any CPU
		Release|Any CPU = Release|Any CPU
	EndGlobalSection
	GlobalSection(ProjectConfigurationPlatforms) = postSolution
		{15F414C0-5BF1-4168-913C-B96A1E1B9B64}.Debug|Any CPU.ActiveCfg = Debug|Any CPU
		{15F414C0-5BF1-4168-913C-B96A1E1B9B64}.Debug|Any CPU.Build.0 = Debug|Any CPU
		{15F414C0-5BF1-4168-913C-B96A1E1B9B64}.Release|Any CPU.ActiveCfg = Release|Any CPU
		{15F414C0-5BF1-4168-913C-B96A1E1B9B64}.Release|Any CPU.Build.0 = Release|Any CPU
	EndGlobalSection
	GlobalSection(SolutionProperties) = preSolution
		HideSolutionNode = FALSE
	EndGlobalSection
	GlobalSection(ExtensibilityGlobals) = postSolution
		SolutionGuid = {88CD7EF5-800A-47C8-AA3A-88BC9FBACBE4}
	EndGlobalSection
EndGlobal
